{
  "name": "photosnearme",
  "version": "0.7.1",
  "dependencies": {
    "combohandler": {
      "version": "0.2.0",
      "from": "combohandler@0.2.0",
      "resolved": "https://registry.npmjs.org/combohandler/-/combohandler-0.2.0.tgz",
      "dependencies": {
        "express": {
          "version": "3.0.0",
          "from": "express@3.0.0",
          "dependencies": {
            "connect": {
              "version": "2.6.0",
              "from": "connect@2.6.0",
              "resolved": "https://registry.npmjs.org/connect/-/connect-2.6.0.tgz",
              "dependencies": {
                "qs": {
                  "version": "0.5.1",
                  "from": "qs@0.5.1"
                },
                "formidable": {
                  "version": "1.0.11",
                  "from": "formidable@1.0.11"
                },
                "bytes": {
                  "version": "0.1.0",
                  "from": "bytes@0.1.0"
                },
                "send": {
                  "version": "0.0.4",
                  "from": "send@0.0.4",
                  "resolved": "https://registry.npmjs.org/send/-/send-0.0.4.tgz",
                  "dependencies": {
                    "mime": {
                      "version": "1.2.6",
                      "from": "mime@1.2.6"
                    }
                  }
                },
                "pause": {
                  "version": "0.0.1",
                  "from": "pause@0.0.1"
                }
              }
            },
            "commander": {
              "version": "0.6.1",
              "from": "commander@0.6.1"
            },
            "range-parser": {
              "version": "0.0.4",
              "from": "range-parser@0.0.4"
            },
            "mkdirp": {
              "version": "0.3.3",
              "from": "mkdirp@0.3.3"
            },
            "cookie": {
              "version": "0.0.4",
              "from": "cookie@0.0.4",
              "resolved": "https://registry.npmjs.org/cookie/-/cookie-0.0.4.tgz"
            },
            "crc": {
              "version": "0.2.0",
              "from": "crc@0.2.0",
              "resolved": "https://registry.npmjs.org/crc/-/crc-0.2.0.tgz"
            },
            "fresh": {
              "version": "0.1.0",
              "from": "fresh@0.1.0"
            },
            "methods": {
              "version": "0.0.1",
              "from": "methods@0.0.1"
            },
            "send": {
              "version": "0.1.0",
              "from": "send@0.1.0",
              "dependencies": {
                "mime": {
                  "version": "1.2.6",
                  "from": "mime@1.2.6"
                }
              }
            },
            "debug": {
              "version": "0.7.0",
              "from": "debug@0.7.0"
            }
          }
        }
      }
    },
    "express": {
      "version": "3.1.0",
      "from": "express@3.1.0",
      "dependencies": {
        "connect": {
          "version": "2.7.2",
          "from": "connect@2.7.2",
          "dependencies": {
            "qs": {
              "version": "0.5.1",
              "from": "qs@0.5.1"
            },
            "formidable": {
              "version": "1.0.11",
              "from": "formidable@1.0.11"
            },
            "bytes": {
              "version": "0.1.0",
              "from": "bytes@0.1.0"
            },
            "pause": {
              "version": "0.0.1",
              "from": "pause@0.0.1"
            }
          }
        },
        "commander": {
          "version": "0.6.1",
          "from": "commander@0.6.1"
        },
        "range-parser": {
          "version": "0.0.4",
          "from": "range-parser@0.0.4"
        },
        "mkdirp": {
          "version": "0.3.3",
          "from": "mkdirp@0.3.3"
        },
        "cookie": {
          "version": "0.0.5",
          "from": "cookie@0.0.5"
        },
        "buffer-crc32": {
          "version": "0.1.1",
          "from": "buffer-crc32@0.1.1"
        },
        "fresh": {
          "version": "0.1.0",
          "from": "fresh@0.1.0"
        },
        "methods": {
          "version": "0.0.1",
          "from": "methods@0.0.1"
        },
        "send": {
          "version": "0.1.0",
          "from": "send@0.1.0",
          "dependencies": {
            "mime": {
              "version": "1.2.6",
              "from": "mime@1.2.6"
            }
          }
        },
        "cookie-signature": {
          "version": "0.0.1",
          "from": "cookie-signature@0.0.1"
        },
        "debug": {
          "version": "0.7.0",
          "from": "debug@0.7.0"
        }
      }
    },
    "express-expose": {
      "version": "0.3.3",
      "from": "express-expose@0.3.3",
      "resolved": "https://registry.npmjs.org/express-expose/-/express-expose-0.3.3.tgz"
    },
    "express3-handlebars": {
      "version": "0.2.0",
      "from": "express3-handlebars@0.2.0",
      "dependencies": {
        "async": {
          "version": "0.1.22",
          "from": "async@0.1.22"
        },
        "glob": {
          "version": "3.1.17",
          "from": "glob@3.1.17",
          "resolved": "https://registry.npmjs.org/glob/-/glob-3.1.17.tgz",
          "dependencies": {
            "minimatch": {
              "version": "0.2.9",
              "from": "minimatch@0.2.9",
              "dependencies": {
                "lru-cache": {
                  "version": "2.0.4",
                  "from": "lru-cache@2.0.4"
                },
                "sigmund": {
                  "version": "1.0.0",
                  "from": "sigmund@1.0.0"
                }
              }
            },
            "graceful-fs": {
              "version": "1.1.14",
              "from": "graceful-fs@1.1.14"
            },
            "inherits": {
              "version": "1.0.0",
              "from": "inherits@1.0.0"
            }
          }
        },
        "handlebars": {
          "version": "1.0.8",
          "from": "handlebars@1.0.8",
          "resolved": "https://registry.npmjs.org/handlebars/-/handlebars-1.0.8.tgz",
          "dependencies": {
            "optimist": {
              "version": "0.3.5",
              "from": "optimist@0.3.5",
              "dependencies": {
                "wordwrap": {
                  "version": "0.0.2",
                  "from": "wordwrap@0.0.2"
                }
              }
            },
            "uglify-js": {
              "version": "1.2.6",
              "from": "uglify-js@1.2.6"
            }
          }
        }
      }
    },
    "yui": {
      "version": "3.8.1",
      "from": "https://registry.npmjs.org/yui/-/yui-3.8.1.tgz",
      "resolved": "https://registry.npmjs.org/yui/-/yui-3.8.1.tgz",
      "dependencies": {
        "request": {
          "version": "2.12.0",
          "from": "request@2.12.0",
          "resolved": "https://registry.npmjs.org/request/-/request-2.12.0.tgz",
          "dependencies": {
            "form-data": {
              "version": "0.0.3",
              "from": "form-data",
              "dependencies": {
                "combined-stream": {
                  "version": "0.0.3",
                  "from": "combined-stream@0.0.3",
                  "dependencies": {
                    "delayed-stream": {
                      "version": "0.0.5",
                      "from": "delayed-stream@0.0.5"
                    }
                  }
                },
                "async": {
                  "version": "0.1.9",
                  "from": "async@0.1.9"
                }
              }
            },
            "mime": {
              "version": "1.2.7",
              "from": "mime"
            }
          }
        }
      }
    }
  }
}
